
Microsoft Visual Studio Solution File, Format Version 12.00
# Visual Studio Version 16
VisualStudioVersion = 16.0.29215.179
MinimumVisualStudioVersion = 10.0.40219.1
Project("{2150E333-8FDC-42A3-9474-1A3956D46DE8}") = "Solution Items", "Solution Items", "{3F8C8CD1-C166-4A83-A781-4BE920A56761}"
	ProjectSection(SolutionItems) = preProject
		README = README
	EndProjectSection
EndProject
Project("{FAE04EC0-301F-11D3-BF4B-00C04F79EFBC}") = "IronScheme.VisualStudio", "IronScheme.VisualStudio\IronScheme.VisualStudio.csproj", "{B3B78D50-29A1-4012-B2A7-5C9945C201B1}"
EndProject
Project("{FAE04EC0-301F-11D3-BF4B-00C04F79EFBC}") = "IronScheme.VisualStudio.REPL", "IronScheme.VisualStudio.REPL\IronScheme.VisualStudio.REPL.csproj", "{2AEA2177-08B0-4492-B911-CCEA5B4C33A0}"
EndProject
Project("{FAE04EC0-301F-11D3-BF4B-00C04F79EFBC}") = "IronScheme.VisualStudio.Common", "IronScheme.VisualStudio.Common\IronScheme.VisualStudio.Common.csproj", "{15CC7371-BD37-4432-8B03-0A8E877B1018}"
EndProject
Global
	GlobalSection(SolutionConfigurationPlatforms) = preSolution
		Debug|Any CPU = Debug|Any CPU
		Release|Any CPU = Release|Any CPU
	EndGlobalSection
	GlobalSection(ProjectConfigurationPlatforms) = postSolution
		{B3B78D50-29A1-4012-B2A7-5C9945C201B1}.Debug|Any CPU.ActiveCfg = Debug|Any CPU
		{B3B78D50-29A1-4012-B2A7-5C9945C201B1}.Debug|Any CPU.Build.0 = Debug|Any CPU
		{B3B78D50-29A1-4012-B2A7-5C9945C201B1}.Release|Any CPU.ActiveCfg = Release|Any CPU
		{B3B78D50-29A1-4012-B2A7-5C9945C201B1}.Release|Any CPU.Build.0 = Release|Any CPU
		{2AEA2177-08B0-4492-B911-CCEA5B4C33A0}.Debug|Any CPU.ActiveCfg = Debug|Any CPU
		{2AEA2177-08B0-4492-B911-CCEA5B4C33A0}.Debug|Any CPU.Build.0 = Debug|Any CPU
		{2AEA2177-08B0-4492-B911-CCEA5B4C33A0}.Release|Any CPU.ActiveCfg = Release|Any CPU
		{2AEA2177-08B0-4492-B911-CCEA5B4C33A0}.Release|Any CPU.Build.0 = Release|Any CPU
		{15CC7371-BD37-4432-8B03-0A8E877B1018}.Debug|Any CPU.ActiveCfg = Debug|Any CPU
		{15CC7371-BD37-4432-8B03-0A8E877B1018}.Debug|Any CPU.Build.0 = Debug|Any CPU
		{15CC7371-BD37-4432-8B03-0A8E877B1018}.Release|Any CPU.ActiveCfg = Release|Any CPU
		{15CC7371-BD37-4432-8B03-0A8E877B1018}.Release|Any CPU.Build.0 = Release|Any CPU
	EndGlobalSection
	GlobalSection(SolutionProperties) = preSolution
		HideSolutionNode = FALSE
	EndGlobalSection
	GlobalSection(ExtensibilityGlobals) = postSolution
		SolutionGuid = {31FEF4A2-81C5-49DD-AB91-7E143965B2FA}
	EndGlobalSection
EndGlobal
