
Microsoft Visual Studio Solution File, Format Version 12.00
# Visual Studio 2012
Project("{FAE04EC0-301F-11D3-BF4B-00C04F79EFBC}") = "IronScheme.VisualStudio", "IronScheme.VisualStudio\IronScheme.VisualStudio.csproj", "{B3B78D50-29A1-4012-B2A7-5C9945C201B1}"
EndProject
Project("{FAE04EC0-301F-11D3-BF4B-00C04F79EFBC}") = "IronScheme.VisualStudio.REPL", "IronScheme.VisualStudio.REPL\IronScheme.VisualStudio.REPL.csproj", "{2AEA2177-08B0-4492-B911-CCEA5B4C33A0}"
EndProject
Project("{2150E333-8FDC-42A3-9474-1A3956D46DE8}") = "libs", "libs", "{AEF7FCD9-6DB7-4598-9211-C7ABE795A446}"
	ProjectSection(SolutionItems) = preProject
		libs\IronScheme.Closures.dll = libs\IronScheme.Closures.dll
		libs\IronScheme.Scripting.dll = libs\IronScheme.Scripting.dll
		libs\IronScheme.dll = libs\IronScheme.dll
		libs\Oyster.IntX.dll = libs\Oyster.IntX.dll
		libs\ironscheme.boot.dll = libs\ironscheme.boot.dll
	EndProjectSection
EndProject
Global
	GlobalSection(SolutionConfigurationPlatforms) = preSolution
		Debug|Any CPU = Debug|Any CPU
		Release|Any CPU = Release|Any CPU
	EndGlobalSection
	GlobalSection(ProjectConfigurationPlatforms) = postSolution
		{2AEA2177-08B0-4492-B911-CCEA5B4C33A0}.Debug|Any CPU.ActiveCfg = Debug|Any CPU
		{2AEA2177-08B0-4492-B911-CCEA5B4C33A0}.Debug|Any CPU.Build.0 = Debug|Any CPU
		{2AEA2177-08B0-4492-B911-CCEA5B4C33A0}.Release|Any CPU.ActiveCfg = Release|Any CPU
		{2AEA2177-08B0-4492-B911-CCEA5B4C33A0}.Release|Any CPU.Build.0 = Release|Any CPU
		{B3B78D50-29A1-4012-B2A7-5C9945C201B1}.Debug|Any CPU.ActiveCfg = Debug|Any CPU
		{B3B78D50-29A1-4012-B2A7-5C9945C201B1}.Debug|Any CPU.Build.0 = Debug|Any CPU
		{B3B78D50-29A1-4012-B2A7-5C9945C201B1}.Release|Any CPU.ActiveCfg = Release|Any CPU
		{B3B78D50-29A1-4012-B2A7-5C9945C201B1}.Release|Any CPU.Build.0 = Release|Any CPU
	EndGlobalSection
	GlobalSection(SolutionProperties) = preSolution
		HideSolutionNode = FALSE
	EndGlobalSection
EndGlobal
